// !$*UTF8*$!
{
	archiveVersion = 1;
	classes = {
	};
	objectVersion = 46;
	objects = {

/* Begin PBXBuildFile section */
		211077AE13E0005600D9BE97 /* UIKit.framework in Frameworks */ = {isa = PBXBuildFile; fileRef = 211077AD13E0005600D9BE97 /* UIKit.framework */; };
		211077B013E0005600D9BE97 /* Foundation.framework in Frameworks */ = {isa = PBXBuildFile; fileRef = 211077AF13E0005600D9BE97 /* Foundation.framework */; };
		211077B213E0005600D9BE97 /* CoreGraphics.framework in Frameworks */ = {isa = PBXBuildFile; fileRef = 211077B113E0005600D9BE97 /* CoreGraphics.framework */; };
		211077B813E0005600D9BE97 /* InfoPlist.strings in Resources */ = {isa = PBXBuildFile; fileRef = 211077B613E0005600D9BE97 /* InfoPlist.strings */; };
		211077BB13E0005600D9BE97 /* main.m in Sources */ = {isa = PBXBuildFile; fileRef = 211077BA13E0005600D9BE97 /* main.m */; };
		211077BE13E0005600D9BE97 /* FaceWeatherAppDelegate.m in Sources */ = {isa = PBXBuildFile; fileRef = 211077BD13E0005600D9BE97 /* FaceWeatherAppDelegate.m */; };
		211077C213E0005600D9BE97 /* FaceWeatherAppDelegate_iPhone.m in Sources */ = {isa = PBXBuildFile; fileRef = 211077C113E0005600D9BE97 /* FaceWeatherAppDelegate_iPhone.m */; };
		211077C513E0005600D9BE97 /* MainWindow_iPhone.xib in Resources */ = {isa = PBXBuildFile; fileRef = 211077C313E0005600D9BE97 /* MainWindow_iPhone.xib */; };
		211077C913E0005600D9BE97 /* FaceWeatherAppDelegate_iPad.m in Sources */ = {isa = PBXBuildFile; fileRef = 211077C813E0005600D9BE97 /* FaceWeatherAppDelegate_iPad.m */; };
		211077CC13E0005600D9BE97 /* MainWindow_iPad.xib in Resources */ = {isa = PBXBuildFile; fileRef = 211077CA13E0005600D9BE97 /* MainWindow_iPad.xib */; };
		211077D313E0005700D9BE97 /* UIKit.framework in Frameworks */ = {isa = PBXBuildFile; fileRef = 211077AD13E0005600D9BE97 /* UIKit.framework */; };
		211077D413E0005700D9BE97 /* Foundation.framework in Frameworks */ = {isa = PBXBuildFile; fileRef = 211077AF13E0005600D9BE97 /* Foundation.framework */; };
		211077D513E0005700D9BE97 /* CoreGraphics.framework in Frameworks */ = {isa = PBXBuildFile; fileRef = 211077B113E0005600D9BE97 /* CoreGraphics.framework */; };
		211077DD13E0005700D9BE97 /* InfoPlist.strings in Resources */ = {isa = PBXBuildFile; fileRef = 211077DB13E0005700D9BE97 /* InfoPlist.strings */; };
		211077E013E0005700D9BE97 /* FaceWeatherTests.h in Resources */ = {isa = PBXBuildFile; fileRef = 211077DF13E0005700D9BE97 /* FaceWeatherTests.h */; };
		211077E213E0005700D9BE97 /* FaceWeatherTests.m in Sources */ = {isa = PBXBuildFile; fileRef = 211077E113E0005700D9BE97 /* FaceWeatherTests.m */; };
		211077F013E002F900D9BE97 /* ConnectionOperation.m in Sources */ = {isa = PBXBuildFile; fileRef = 211077EF13E002F900D9BE97 /* ConnectionOperation.m */; };
		211077FF13E10E1700D9BE97 /* toru_inoue.png in Resources */ = {isa = PBXBuildFile; fileRef = 211077FE13E10E1700D9BE97 /* toru_inoue.png */; };
		21C23D0713E13AD7003DAFF9 /* cloudy.png in Resources */ = {isa = PBXBuildFile; fileRef = 21C23D0313E13AD7003DAFF9 /* cloudy.png */; };
		21C23D0813E13AD7003DAFF9 /* fair.png in Resources */ = {isa = PBXBuildFile; fileRef = 21C23D0413E13AD7003DAFF9 /* fair.png */; };
		21C23D0913E13AD7003DAFF9 /* rain.png in Resources */ = {isa = PBXBuildFile; fileRef = 21C23D0513E13AD7003DAFF9 /* rain.png */; };
		21C23D0A13E13AD7003DAFF9 /* snow.png in Resources */ = {isa = PBXBuildFile; fileRef = 21C23D0613E13AD7003DAFF9 /* snow.png */; };
		21C23D0F13E13BA8003DAFF9 /* LBXMLParserController.m in Sources */ = {isa = PBXBuildFile; fileRef = 21C23D0E13E13BA8003DAFF9 /* LBXMLParserController.m */; };
		21C23D1313E13F6B003DAFF9 /* FaceWeatherViewController.m in Sources */ = {isa = PBXBuildFile; fileRef = 21C23D1113E13F6B003DAFF9 /* FaceWeatherViewController.m */; };
		21C23D1413E13F6B003DAFF9 /* FaceWeatherViewController.xib in Resources */ = {isa = PBXBuildFile; fileRef = 21C23D1213E13F6B003DAFF9 /* FaceWeatherViewController.xib */; };
		21C23E0613E16383003DAFF9 /* tan_go.png in Resources */ = {isa = PBXBuildFile; fileRef = 21C23E0513E16383003DAFF9 /* tan_go.png */; };
/* End PBXBuildFile section */

/* Begin PBXContainerItemProxy section */
		211077D613E0005700D9BE97 /* PBXContainerItemProxy */ = {
			isa = PBXContainerItemProxy;
			containerPortal = 211077A013E0005600D9BE97 /* Project object */;
			proxyType = 1;
			remoteGlobalIDString = 211077A813E0005600D9BE97;
			remoteInfo = FaceWeather;
		};
/* End PBXContainerItemProxy section */

/* Begin PBXFileReference section */
		211077A913E0005600D9BE97 /* FaceWeather.app */ = {isa = PBXFileReference; explicitFileType = wrapper.application; includeInIndex = 0; path = FaceWeather.app; sourceTree = BUILT_PRODUCTS_DIR; };
		211077AD13E0005600D9BE97 /* UIKit.framework */ = {isa = PBXFileReference; lastKnownFileType = wrapper.framework; name = UIKit.framework; path = System/Library/Frameworks/UIKit.framework; sourceTree = SDKROOT; };
		211077AF13E0005600D9BE97 /* Foundation.framework */ = {isa = PBXFileReference; lastKnownFileType = wrapper.framework; name = Foundation.framework; path = System/Library/Frameworks/Foundation.framework; sourceTree = SDKROOT; };
		211077B113E0005600D9BE97 /* CoreGraphics.framework */ = {isa = PBXFileReference; lastKnownFileType = wrapper.framework; name = CoreGraphics.framework; path = System/Library/Frameworks/CoreGraphics.framework; sourceTree = SDKROOT; };
		211077B513E0005600D9BE97 /* FaceWeather-Info.plist */ = {isa = PBXFileReference; lastKnownFileType = text.plist.xml; path = "FaceWeather-Info.plist"; sourceTree = "<group>"; };
		211077B713E0005600D9BE97 /* en */ = {isa = PBXFileReference; lastKnownFileType = text.plist.strings; name = en; path = en.lproj/InfoPlist.strings; sourceTree = "<group>"; };
		211077B913E0005600D9BE97 /* FaceWeather-Prefix.pch */ = {isa = PBXFileReference; lastKnownFileType = sourcecode.c.h; path = "FaceWeather-Prefix.pch"; sourceTree = "<group>"; };
		211077BA13E0005600D9BE97 /* main.m */ = {isa = PBXFileReference; lastKnownFileType = sourcecode.c.objc; path = main.m; sourceTree = "<group>"; };
		211077BC13E0005600D9BE97 /* FaceWeatherAppDelegate.h */ = {isa = PBXFileReference; lastKnownFileType = sourcecode.c.h; path = FaceWeatherAppDelegate.h; sourceTree = "<group>"; };
		211077BD13E0005600D9BE97 /* FaceWeatherAppDelegate.m */ = {isa = PBXFileReference; lastKnownFileType = sourcecode.c.objc; path = FaceWeatherAppDelegate.m; sourceTree = "<group>"; };
		211077C013E0005600D9BE97 /* FaceWeatherAppDelegate_iPhone.h */ = {isa = PBXFileReference; lastKnownFileType = sourcecode.c.h; name = FaceWeatherAppDelegate_iPhone.h; path = iPhone/FaceWeatherAppDelegate_iPhone.h; sourceTree = "<group>"; };
		211077C113E0005600D9BE97 /* FaceWeatherAppDelegate_iPhone.m */ = {isa = PBXFileReference; lastKnownFileType = sourcecode.c.objc; name = FaceWeatherAppDelegate_iPhone.m; path = iPhone/FaceWeatherAppDelegate_iPhone.m; sourceTree = "<group>"; };
		211077C413E0005600D9BE97 /* en */ = {isa = PBXFileReference; lastKnownFileType = file.xib; name = en; path = iPhone/en.lproj/MainWindow_iPhone.xib; sourceTree = "<group>"; };
		211077C713E0005600D9BE97 /* FaceWeatherAppDelegate_iPad.h */ = {isa = PBXFileReference; lastKnownFileType = sourcecode.c.h; name = FaceWeatherAppDelegate_iPad.h; path = iPad/FaceWeatherAppDelegate_iPad.h; sourceTree = "<group>"; };
		211077C813E0005600D9BE97 /* FaceWeatherAppDelegate_iPad.m */ = {isa = PBXFileReference; lastKnownFileType = sourcecode.c.objc; name = FaceWeatherAppDelegate_iPad.m; path = iPad/FaceWeatherAppDelegate_iPad.m; sourceTree = "<group>"; };
		211077CB13E0005600D9BE97 /* en */ = {isa = PBXFileReference; lastKnownFileType = file.xib; name = en; path = iPad/en.lproj/MainWindow_iPad.xib; sourceTree = "<group>"; };
		211077D213E0005700D9BE97 /* FaceWeatherTests.octest */ = {isa = PBXFileReference; explicitFileType = wrapper.cfbundle; includeInIndex = 0; path = FaceWeatherTests.octest; sourceTree = BUILT_PRODUCTS_DIR; };
		211077DA13E0005700D9BE97 /* FaceWeatherTests-Info.plist */ = {isa = PBXFileReference; lastKnownFileType = text.plist.xml; path = "FaceWeatherTests-Info.plist"; sourceTree = "<group>"; };
		211077DC13E0005700D9BE97 /* en */ = {isa = PBXFileReference; lastKnownFileType = text.plist.strings; name = en; path = en.lproj/InfoPlist.strings; sourceTree = "<group>"; };
		211077DE13E0005700D9BE97 /* FaceWeatherTests-Prefix.pch */ = {isa = PBXFileReference; lastKnownFileType = sourcecode.c.h; path = "FaceWeatherTests-Prefix.pch"; sourceTree = "<group>"; };
		211077DF13E0005700D9BE97 /* FaceWeatherTests.h */ = {isa = PBXFileReference; lastKnownFileType = sourcecode.c.h; path = FaceWeatherTests.h; sourceTree = "<group>"; };
		211077E113E0005700D9BE97 /* FaceWeatherTests.m */ = {isa = PBXFileReference; lastKnownFileType = sourcecode.c.objc; path = FaceWeatherTests.m; sourceTree = "<group>"; };
		211077EF13E002F900D9BE97 /* ConnectionOperation.m */ = {isa = PBXFileReference; fileEncoding = 4; lastKnownFileType = sourcecode.c.objc; name = ConnectionOperation.m; path = Shared/ConnectionOperation.m; sourceTree = "<group>"; };
		211077F113E0030B00D9BE97 /* ConnectionOperation.h */ = {isa = PBXFileReference; fileEncoding = 4; lastKnownFileType = sourcecode.c.h; name = ConnectionOperation.h; path = Shared/ConnectionOperation.h; sourceTree = "<group>"; };
		211077FE13E10E1700D9BE97 /* toru_inoue.png */ = {isa = PBXFileReference; lastKnownFileType = image.png; path = toru_inoue.png; sourceTree = "<group>"; };
		21C23D0313E13AD7003DAFF9 /* cloudy.png */ = {isa = PBXFileReference; lastKnownFileType = image.png; path = cloudy.png; sourceTree = "<group>"; };
		21C23D0413E13AD7003DAFF9 /* fair.png */ = {isa = PBXFileReference; lastKnownFileType = image.png; path = fair.png; sourceTree = "<group>"; };
		21C23D0513E13AD7003DAFF9 /* rain.png */ = {isa = PBXFileReference; lastKnownFileType = image.png; path = rain.png; sourceTree = "<group>"; };
		21C23D0613E13AD7003DAFF9 /* snow.png */ = {isa = PBXFileReference; lastKnownFileType = image.png; path = snow.png; sourceTree = "<group>"; };
		21C23D0D13E13BA8003DAFF9 /* LBXMLParserController.h */ = {isa = PBXFileReference; fileEncoding = 4; lastKnownFileType = sourcecode.c.h; path = LBXMLParserController.h; sourceTree = "<group>"; };
		21C23D0E13E13BA8003DAFF9 /* LBXMLParserController.m */ = {isa = PBXFileReference; fileEncoding = 4; lastKnownFileType = sourcecode.c.objc; path = LBXMLParserController.m; sourceTree = "<group>"; };
		21C23D1013E13F6B003DAFF9 /* FaceWeatherViewController.h */ = {isa = PBXFileReference; fileEncoding = 4; lastKnownFileType = sourcecode.c.h; path = FaceWeatherViewController.h; sourceTree = "<group>"; };
		21C23D1113E13F6B003DAFF9 /* FaceWeatherViewController.m */ = {isa = PBXFileReference; fileEncoding = 4; lastKnownFileType = sourcecode.c.objc; path = FaceWeatherViewController.m; sourceTree = "<group>"; };
		21C23D1213E13F6B003DAFF9 /* FaceWeatherViewController.xib */ = {isa = PBXFileReference; fileEncoding = 4; lastKnownFileType = file.xib; path = FaceWeatherViewController.xib; sourceTree = "<group>"; };
		21C23E0513E16383003DAFF9 /* tan_go.png */ = {isa = PBXFileReference; lastKnownFileType = image.png; path = tan_go.png; sourceTree = "<group>"; };
/* End PBXFileReference section */

/* Begin PBXFrameworksBuildPhase section */
		211077A613E0005600D9BE97 /* Frameworks */ = {
			isa = PBXFrameworksBuildPhase;
			buildActionMask = 2147483647;
			files = (
				211077AE13E0005600D9BE97 /* UIKit.framework in Frameworks */,
				211077B013E0005600D9BE97 /* Foundation.framework in Frameworks */,
				211077B213E0005600D9BE97 /* CoreGraphics.framework in Frameworks */,
			);
			runOnlyForDeploymentPostprocessing = 0;
		};
		211077CE13E0005700D9BE97 /* Frameworks */ = {
			isa = PBXFrameworksBuildPhase;
			buildActionMask = 2147483647;
			files = (
				211077D313E0005700D9BE97 /* UIKit.framework in Frameworks */,
				211077D413E0005700D9BE97 /* Foundation.framework in Frameworks */,
				211077D513E0005700D9BE97 /* CoreGraphics.framework in Frameworks */,
			);
			runOnlyForDeploymentPostprocessing = 0;
		};
/* End PBXFrameworksBuildPhase section */

/* Begin PBXGroup section */
		2110779E13E0005600D9BE97 = {
			isa = PBXGroup;
			children = (
				211077B313E0005600D9BE97 /* FaceWeather */,
				211077FD13E1017000D9BE97 /* Resource */,
				211077D813E0005700D9BE97 /* FaceWeatherTests */,
				211077AC13E0005600D9BE97 /* Frameworks */,
				211077AA13E0005600D9BE97 /* Products */,
			);
			sourceTree = "<group>";
		};
		211077AA13E0005600D9BE97 /* Products */ = {
			isa = PBXGroup;
			children = (
				211077A913E0005600D9BE97 /* FaceWeather.app */,
				211077D213E0005700D9BE97 /* FaceWeatherTests.octest */,
			);
			name = Products;
			sourceTree = "<group>";
		};
		211077AC13E0005600D9BE97 /* Frameworks */ = {
			isa = PBXGroup;
			children = (
				211077AD13E0005600D9BE97 /* UIKit.framework */,
				211077AF13E0005600D9BE97 /* Foundation.framework */,
				211077B113E0005600D9BE97 /* CoreGraphics.framework */,
			);
			name = Frameworks;
			sourceTree = "<group>";
		};
		211077B313E0005600D9BE97 /* FaceWeather */ = {
			isa = PBXGroup;
			children = (
				211077BC13E0005600D9BE97 /* FaceWeatherAppDelegate.h */,
				211077BD13E0005600D9BE97 /* FaceWeatherAppDelegate.m */,
				21C23D1513E13F72003DAFF9 /* FaceWeatherViewControl */,
				211077BF13E0005600D9BE97 /* iPhone */,
				211077C613E0005600D9BE97 /* iPad */,
				211077EB13E000AA00D9BE97 /* Shared */,
				211077B413E0005600D9BE97 /* Supporting Files */,
			);
			path = FaceWeather;
			sourceTree = "<group>";
		};
		211077B413E0005600D9BE97 /* Supporting Files */ = {
			isa = PBXGroup;
			children = (
				211077B513E0005600D9BE97 /* FaceWeather-Info.plist */,
				211077B613E0005600D9BE97 /* InfoPlist.strings */,
				211077B913E0005600D9BE97 /* FaceWeather-Prefix.pch */,
				211077BA13E0005600D9BE97 /* main.m */,
			);
			name = "Supporting Files";
			sourceTree = "<group>";
		};
		211077BF13E0005600D9BE97 /* iPhone */ = {
			isa = PBXGroup;
			children = (
				211077C013E0005600D9BE97 /* FaceWeatherAppDelegate_iPhone.h */,
				211077C113E0005600D9BE97 /* FaceWeatherAppDelegate_iPhone.m */,
				211077C313E0005600D9BE97 /* MainWindow_iPhone.xib */,
			);
			name = iPhone;
			sourceTree = "<group>";
		};
		211077C613E0005600D9BE97 /* iPad */ = {
			isa = PBXGroup;
			children = (
				211077C713E0005600D9BE97 /* FaceWeatherAppDelegate_iPad.h */,
				211077C813E0005600D9BE97 /* FaceWeatherAppDelegate_iPad.m */,
				211077CA13E0005600D9BE97 /* MainWindow_iPad.xib */,
			);
			name = iPad;
			sourceTree = "<group>";
		};
		211077D813E0005700D9BE97 /* FaceWeatherTests */ = {
			isa = PBXGroup;
			children = (
				211077DF13E0005700D9BE97 /* FaceWeatherTests.h */,
				211077E113E0005700D9BE97 /* FaceWeatherTests.m */,
				211077D913E0005700D9BE97 /* Supporting Files */,
			);
			path = FaceWeatherTests;
			sourceTree = "<group>";
		};
		211077D913E0005700D9BE97 /* Supporting Files */ = {
			isa = PBXGroup;
			children = (
				211077DA13E0005700D9BE97 /* FaceWeatherTests-Info.plist */,
				211077DB13E0005700D9BE97 /* InfoPlist.strings */,
				211077DE13E0005700D9BE97 /* FaceWeatherTests-Prefix.pch */,
			);
			name = "Supporting Files";
			sourceTree = "<group>";
		};
		211077EB13E000AA00D9BE97 /* Shared */ = {
			isa = PBXGroup;
			children = (
				21C23D0C13E13B9C003DAFF9 /* LBXMLParserControl */,
				21C23D0B13E13B87003DAFF9 /* ConnectionOperate */,
			);
			name = Shared;
			sourceTree = "<group>";
		};
		211077FD13E1017000D9BE97 /* Resource */ = {
			isa = PBXGroup;
			children = (
				21C23E0513E16383003DAFF9 /* tan_go.png */,
				21C23D0313E13AD7003DAFF9 /* cloudy.png */,
				21C23D0413E13AD7003DAFF9 /* fair.png */,
				21C23D0513E13AD7003DAFF9 /* rain.png */,
				21C23D0613E13AD7003DAFF9 /* snow.png */,
				211077FE13E10E1700D9BE97 /* toru_inoue.png */,
			);
			name = Resource;
			path = FaceWeather;
			sourceTree = "<group>";
		};
		21C23D0B13E13B87003DAFF9 /* ConnectionOperate */ = {
			isa = PBXGroup;
			children = (
				211077F113E0030B00D9BE97 /* ConnectionOperation.h */,
				211077EF13E002F900D9BE97 /* ConnectionOperation.m */,
			);
			name = ConnectionOperate;
			sourceTree = "<group>";
		};
		21C23D0C13E13B9C003DAFF9 /* LBXMLParserControl */ = {
			isa = PBXGroup;
			children = (
				21C23D0D13E13BA8003DAFF9 /* LBXMLParserController.h */,
				21C23D0E13E13BA8003DAFF9 /* LBXMLParserController.m */,
			);
			name = LBXMLParserControl;
			sourceTree = "<group>";
		};
		21C23D1513E13F72003DAFF9 /* FaceWeatherViewControl */ = {
			isa = PBXGroup;
			children = (
				21C23D1013E13F6B003DAFF9 /* FaceWeatherViewController.h */,
				21C23D1113E13F6B003DAFF9 /* FaceWeatherViewController.m */,
				21C23D1213E13F6B003DAFF9 /* FaceWeatherViewController.xib */,
			);
			name = FaceWeatherViewControl;
			sourceTree = "<group>";
		};
/* End PBXGroup section */

/* Begin PBXNativeTarget section */
		211077A813E0005600D9BE97 /* FaceWeather */ = {
			isa = PBXNativeTarget;
			buildConfigurationList = 211077E513E0005700D9BE97 /* Build configuration list for PBXNativeTarget "FaceWeather" */;
			buildPhases = (
				211077A513E0005600D9BE97 /* Sources */,
				211077A613E0005600D9BE97 /* Frameworks */,
				211077A713E0005600D9BE97 /* Resources */,
			);
			buildRules = (
			);
			dependencies = (
			);
			name = FaceWeather;
			productName = FaceWeather;
			productReference = 211077A913E0005600D9BE97 /* FaceWeather.app */;
			productType = "com.apple.product-type.application";
		};
		211077D113E0005700D9BE97 /* FaceWeatherTests */ = {
			isa = PBXNativeTarget;
			buildConfigurationList = 211077E813E0005700D9BE97 /* Build configuration list for PBXNativeTarget "FaceWeatherTests" */;
			buildPhases = (
				211077CD13E0005700D9BE97 /* Sources */,
				211077CE13E0005700D9BE97 /* Frameworks */,
				211077CF13E0005700D9BE97 /* Resources */,
				211077D013E0005700D9BE97 /* ShellScript */,
			);
			buildRules = (
			);
			dependencies = (
				211077D713E0005700D9BE97 /* PBXTargetDependency */,
			);
			name = FaceWeatherTests;
			productName = FaceWeatherTests;
			productReference = 211077D213E0005700D9BE97 /* FaceWeatherTests.octest */;
			productType = "com.apple.product-type.bundle";
		};
/* End PBXNativeTarget section */

/* Begin PBXProject section */
		211077A013E0005600D9BE97 /* Project object */ = {
			isa = PBXProject;
			attributes = {
				ORGANIZATIONNAME = KISSAKI;
			};
			buildConfigurationList = 211077A313E0005600D9BE97 /* Build configuration list for PBXProject "FaceWeather" */;
			compatibilityVersion = "Xcode 3.2";
			developmentRegion = English;
			hasScannedForEncodings = 0;
			knownRegions = (
				en,
			);
			mainGroup = 2110779E13E0005600D9BE97;
			productRefGroup = 211077AA13E0005600D9BE97 /* Products */;
			projectDirPath = "";
			projectRoot = "";
			targets = (
				211077A813E0005600D9BE97 /* FaceWeather */,
				211077D113E0005700D9BE97 /* FaceWeatherTests */,
			);
		};
/* End PBXProject section */

/* Begin PBXResourcesBuildPhase section */
		211077A713E0005600D9BE97 /* Resources */ = {
			isa = PBXResourcesBuildPhase;
			buildActionMask = 2147483647;
			files = (
				211077B813E0005600D9BE97 /* InfoPlist.strings in Resources */,
				211077C513E0005600D9BE97 /* MainWindow_iPhone.xib in Resources */,
				211077CC13E0005600D9BE97 /* MainWindow_iPad.xib in Resources */,
				211077FF13E10E1700D9BE97 /* toru_inoue.png in Resources */,
				21C23D0713E13AD7003DAFF9 /* cloudy.png in Resources */,
				21C23D0813E13AD7003DAFF9 /* fair.png in Resources */,
				21C23D0913E13AD7003DAFF9 /* rain.png in Resources */,
				21C23D0A13E13AD7003DAFF9 /* snow.png in Resources */,
				21C23D1413E13F6B003DAFF9 /* FaceWeatherViewController.xib in Resources */,
				21C23E0613E16383003DAFF9 /* tan_go.png in Resources */,
			);
			runOnlyForDeploymentPostprocessing = 0;
		};
		211077CF13E0005700D9BE97 /* Resources */ = {
			isa = PBXResourcesBuildPhase;
			buildActionMask = 2147483647;
			files = (
				211077DD13E0005700D9BE97 /* InfoPlist.strings in Resources */,
				211077E013E0005700D9BE97 /* FaceWeatherTests.h in Resources */,
			);
			runOnlyForDeploymentPostprocessing = 0;
		};
/* End PBXResourcesBuildPhase section */

/* Begin PBXShellScriptBuildPhase section */
		211077D013E0005700D9BE97 /* ShellScript */ = {
			isa = PBXShellScriptBuildPhase;
			buildActionMask = 2147483647;
			files = (
			);
			inputPaths = (
			);
			outputPaths = (
			);
			runOnlyForDeploymentPostprocessing = 0;
			shellPath = /bin/sh;
			shellScript = "# Run the unit tests in this test bundle.\n\"${SYSTEM_DEVELOPER_DIR}/Tools/RunUnitTests\"\n";
		};
/* End PBXShellScriptBuildPhase section */

/* Begin PBXSourcesBuildPhase section */
		211077A513E0005600D9BE97 /* Sources */ = {
			isa = PBXSourcesBuildPhase;
			buildActionMask = 2147483647;
			files = (
				211077BB13E0005600D9BE97 /* main.m in Sources */,
				211077BE13E0005600D9BE97 /* FaceWeatherAppDelegate.m in Sources */,
				211077C213E0005600D9BE97 /* FaceWeatherAppDelegate_iPhone.m in Sources */,
				211077C913E0005600D9BE97 /* FaceWeatherAppDelegate_iPad.m in Sources */,
				211077F013E002F900D9BE97 /* ConnectionOperation.m in Sources */,
				21C23D0F13E13BA8003DAFF9 /* LBXMLParserController.m in Sources */,
				21C23D1313E13F6B003DAFF9 /* FaceWeatherViewController.m in Sources */,
			);
			runOnlyForDeploymentPostprocessing = 0;
		};
		211077CD13E0005700D9BE97 /* Sources */ = {
			isa = PBXSourcesBuildPhase;
			buildActionMask = 2147483647;
			files = (
				211077E213E0005700D9BE97 /* FaceWeatherTests.m in Sources */,
			);
			runOnlyForDeploymentPostprocessing = 0;
		};
/* End PBXSourcesBuildPhase section */

/* Begin PBXTargetDependency section */
		211077D713E0005700D9BE97 /* PBXTargetDependency */ = {
			isa = PBXTargetDependency;
			target = 211077A813E0005600D9BE97 /* FaceWeather */;
			targetProxy = 211077D613E0005700D9BE97 /* PBXContainerItemProxy */;
		};
/* End PBXTargetDependency section */

/* Begin PBXVariantGroup section */
		211077B613E0005600D9BE97 /* InfoPlist.strings */ = {
			isa = PBXVariantGroup;
			children = (
				211077B713E0005600D9BE97 /* en */,
			);
			name = InfoPlist.strings;
			sourceTree = "<group>";
		};
		211077C313E0005600D9BE97 /* MainWindow_iPhone.xib */ = {
			isa = PBXVariantGroup;
			children = (
				211077C413E0005600D9BE97 /* en */,
			);
			name = MainWindow_iPhone.xib;
			sourceTree = "<group>";
		};
		211077CA13E0005600D9BE97 /* MainWindow_iPad.xib */ = {
			isa = PBXVariantGroup;
			children = (
				211077CB13E0005600D9BE97 /* en */,
			);
			name = MainWindow_iPad.xib;
			sourceTree = "<group>";
		};
		211077DB13E0005700D9BE97 /* InfoPlist.strings */ = {
			isa = PBXVariantGroup;
			children = (
				211077DC13E0005700D9BE97 /* en */,
			);
			name = InfoPlist.strings;
			sourceTree = "<group>";
		};
/* End PBXVariantGroup section */

/* Begin XCBuildConfiguration section */
		211077E313E0005700D9BE97 /* Debug */ = {
			isa = XCBuildConfiguration;
			buildSettings = {
				ARCHS = "$(ARCHS_STANDARD_32_BIT)";
				"CODE_SIGN_IDENTITY[sdk=iphoneos*]" = "iPhone Developer";
				GCC_C_LANGUAGE_STANDARD = gnu99;
				GCC_OPTIMIZATION_LEVEL = 0;
				GCC_PREPROCESSOR_DEFINITIONS = DEBUG;
				GCC_SYMBOLS_PRIVATE_EXTERN = NO;
				GCC_VERSION = com.apple.compilers.llvmgcc42;
				GCC_WARN_ABOUT_RETURN_TYPE = YES;
				GCC_WARN_UNUSED_VARIABLE = YES;
				IPHONEOS_DEPLOYMENT_TARGET = 4.3;
				SDKROOT = iphoneos;
				TARGETED_DEVICE_FAMILY = "1,2";
			};
			name = Debug;
		};
		211077E413E0005700D9BE97 /* Release */ = {
			isa = XCBuildConfiguration;
			buildSettings = {
				ARCHS = "$(ARCHS_STANDARD_32_BIT)";
				"CODE_SIGN_IDENTITY[sdk=iphoneos*]" = "iPhone Developer";
				GCC_C_LANGUAGE_STANDARD = gnu99;
				GCC_VERSION = com.apple.compilers.llvmgcc42;
				GCC_WARN_ABOUT_RETURN_TYPE = YES;
				GCC_WARN_UNUSED_VARIABLE = YES;
				IPHONEOS_DEPLOYMENT_TARGET = 4.3;
				OTHER_CFLAGS = "-DNS_BLOCK_ASSERTIONS=1";
				SDKROOT = iphoneos;
				TARGETED_DEVICE_FAMILY = "1,2";
			};
			name = Release;
		};
		211077E613E0005700D9BE97 /* Debug */ = {
			isa = XCBuildConfiguration;
			buildSettings = {
				ALWAYS_SEARCH_USER_PATHS = NO;
				COPY_PHASE_STRIP = NO;
				GCC_DYNAMIC_NO_PIC = NO;
				GCC_PRECOMPILE_PREFIX_HEADER = YES;
				GCC_PREFIX_HEADER = "FaceWeather/FaceWeather-Prefix.pch";
				INFOPLIST_FILE = "FaceWeather/FaceWeather-Info.plist";
				PRODUCT_NAME = "$(TARGET_NAME)";
				WRAPPER_EXTENSION = app;
			};
			name = Debug;
		};
		211077E713E0005700D9BE97 /* Release */ = {
			isa = XCBuildConfiguration;
			buildSettings = {
				ALWAYS_SEARCH_USER_PATHS = NO;
				COPY_PHASE_STRIP = YES;
				GCC_PRECOMPILE_PREFIX_HEADER = YES;
				GCC_PREFIX_HEADER = "FaceWeather/FaceWeather-Prefix.pch";
				INFOPLIST_FILE = "FaceWeather/FaceWeather-Info.plist";
				PRODUCT_NAME = "$(TARGET_NAME)";
				VALIDATE_PRODUCT = YES;
				WRAPPER_EXTENSION = app;
			};
			name = Release;
		};
		211077E913E0005700D9BE97 /* Debug */ = {
			isa = XCBuildConfiguration;
			buildSettings = {
				ALWAYS_SEARCH_USER_PATHS = NO;
				BUNDLE_LOADER = "$(BUILT_PRODUCTS_DIR)/FaceWeather.app/FaceWeather";
				FRAMEWORK_SEARCH_PATHS = (
					"$(SDKROOT)/Developer/Library/Frameworks",
					"$(DEVELOPER_LIBRARY_DIR)/Frameworks",
				);
				GCC_PRECOMPILE_PREFIX_HEADER = YES;
				GCC_PREFIX_HEADER = "FaceWeatherTests/FaceWeatherTests-Prefix.pch";
				INFOPLIST_FILE = "FaceWeatherTests/FaceWeatherTests-Info.plist";
				OTHER_LDFLAGS = (
					"-framework",
					SenTestingKit,
				);
				PRODUCT_NAME = "$(TARGET_NAME)";
				TEST_HOST = "$(BUNDLE_LOADER)";
				WRAPPER_EXTENSION = octest;
			};
			name = Debug;
		};
		211077EA13E0005700D9BE97 /* Release */ = {
			isa = XCBuildConfiguration;
			buildSettings = {
				ALWAYS_SEARCH_USER_PATHS = NO;
				BUNDLE_LOADER = "$(BUILT_PRODUCTS_DIR)/FaceWeather.app/FaceWeather";
				FRAMEWORK_SEARCH_PATHS = (
					"$(SDKROOT)/Developer/Library/Frameworks",
					"$(DEVELOPER_LIBRARY_DIR)/Frameworks",
				);
				GCC_PRECOMPILE_PREFIX_HEADER = YES;
				GCC_PREFIX_HEADER = "FaceWeatherTests/FaceWeatherTests-Prefix.pch";
				INFOPLIST_FILE = "FaceWeatherTests/FaceWeatherTests-Info.plist";
				OTHER_LDFLAGS = (
					"-framework",
					SenTestingKit,
				);
				PRODUCT_NAME = "$(TARGET_NAME)";
				TEST_HOST = "$(BUNDLE_LOADER)";
				WRAPPER_EXTENSION = octest;
			};
			name = Release;
		};
/* End XCBuildConfiguration section */

/* Begin XCConfigurationList section */
		211077A313E0005600D9BE97 /* Build configuration list for PBXProject "FaceWeather" */ = {
			isa = XCConfigurationList;
			buildConfigurations = (
				211077E313E0005700D9BE97 /* Debug */,
				211077E413E0005700D9BE97 /* Release */,
			);
			defaultConfigurationIsVisible = 0;
			defaultConfigurationName = Release;
		};
		211077E513E0005700D9BE97 /* Build configuration list for PBXNativeTarget "FaceWeather" */ = {
			isa = XCConfigurationList;
			buildConfigurations = (
				211077E613E0005700D9BE97 /* Debug */,
				211077E713E0005700D9BE97 /* Release */,
			);
			defaultConfigurationIsVisible = 0;
			defaultConfigurationName = Release;
		};
		211077E813E0005700D9BE97 /* Build configuration list for PBXNativeTarget "FaceWeatherTests" */ = {
			isa = XCConfigurationList;
			buildConfigurations = (
				211077E913E0005700D9BE97 /* Debug */,
				211077EA13E0005700D9BE97 /* Release */,
			);
			defaultConfigurationIsVisible = 0;
			defaultConfigurationName = Release;
		};
/* End XCConfigurationList section */
	};
	rootObject = 211077A013E0005600D9BE97 /* Project object */;
}
